
Microsoft Visual Studio Solution File, Format Version 12.00
# Visual Studio 15
VisualStudioVersion = 15.0.28307.168
MinimumVisualStudioVersion = 10.0.40219.1
Project("{2150E333-8FDC-42A3-9474-1A3956D46DE8}") = "src", "src", "{E9CDDD2E-DC8C-4390-A95D-9A2E8652A71F}"
EndProject
Project("{9A19103F-16F7-4668-BE54-9A1E7A4F7556}") = "CalcTest.Api", "src\CalcTest.Api\CalcTest.Api.csproj", "{4512A648-B26A-404A-975D-9B7B6FA7A721}"
EndProject
Project("{9A19103F-16F7-4668-BE54-9A1E7A4F7556}") = "CalcTest.Application", "src\CalcTest.Application\CalcTest.Application.csproj", "{0880004B-4E0D-4BF1-8C7A-A5D55CAB0962}"
EndProject
Project("{2150E333-8FDC-42A3-9474-1A3956D46DE8}") = "test", "test", "{C795C0D6-8D41-4D9F-9F3E-F384E26C4ADF}"
EndProject
Project("{9A19103F-16F7-4668-BE54-9A1E7A4F7556}") = "CalcTest.Test", "test\CalcTest.Test\CalcTest.Test.csproj", "{DF13BB91-7545-4788-B393-D43C25B95BC3}"
EndProject
Project("{9A19103F-16F7-4668-BE54-9A1E7A4F7556}") = "CalcTest.TesteIntegracao", "test\CalcTest.TesteIntegracao\CalcTest.TesteIntegracao.csproj", "{D9220023-3B37-42F4-8452-813094391EB7}"
EndProject
Project("{E53339B2-1760-4266-BCC7-CA923CBCF16C}") = "docker-compose", "docker-compose.dcproj", "{83E8DA2C-D931-4973-BFB6-3D7787F6D438}"
EndProject
Project("{9A19103F-16F7-4668-BE54-9A1E7A4F7556}") = "CalcTest.Spec", "test\CalcTest.Spec\CalcTest.Spec.csproj", "{0DEF5366-2FED-435A-9DCC-A12E74901755}"
EndProject
Global
	GlobalSection(SolutionConfigurationPlatforms) = preSolution
		Debug|Any CPU = Debug|Any CPU
		Release|Any CPU = Release|Any CPU
	EndGlobalSection
	GlobalSection(ProjectConfigurationPlatforms) = postSolution
		{4512A648-B26A-404A-975D-9B7B6FA7A721}.Debug|Any CPU.ActiveCfg = Debug|Any CPU
		{4512A648-B26A-404A-975D-9B7B6FA7A721}.Debug|Any CPU.Build.0 = Debug|Any CPU
		{4512A648-B26A-404A-975D-9B7B6FA7A721}.Release|Any CPU.ActiveCfg = Release|Any CPU
		{4512A648-B26A-404A-975D-9B7B6FA7A721}.Release|Any CPU.Build.0 = Release|Any CPU
		{0880004B-4E0D-4BF1-8C7A-A5D55CAB0962}.Debug|Any CPU.ActiveCfg = Debug|Any CPU
		{0880004B-4E0D-4BF1-8C7A-A5D55CAB0962}.Debug|Any CPU.Build.0 = Debug|Any CPU
		{0880004B-4E0D-4BF1-8C7A-A5D55CAB0962}.Release|Any CPU.ActiveCfg = Release|Any CPU
		{0880004B-4E0D-4BF1-8C7A-A5D55CAB0962}.Release|Any CPU.Build.0 = Release|Any CPU
		{DF13BB91-7545-4788-B393-D43C25B95BC3}.Debug|Any CPU.ActiveCfg = Debug|Any CPU
		{DF13BB91-7545-4788-B393-D43C25B95BC3}.Debug|Any CPU.Build.0 = Debug|Any CPU
		{DF13BB91-7545-4788-B393-D43C25B95BC3}.Release|Any CPU.ActiveCfg = Release|Any CPU
		{DF13BB91-7545-4788-B393-D43C25B95BC3}.Release|Any CPU.Build.0 = Release|Any CPU
		{D9220023-3B37-42F4-8452-813094391EB7}.Debug|Any CPU.ActiveCfg = Debug|Any CPU
		{D9220023-3B37-42F4-8452-813094391EB7}.Debug|Any CPU.Build.0 = Debug|Any CPU
		{D9220023-3B37-42F4-8452-813094391EB7}.Release|Any CPU.ActiveCfg = Release|Any CPU
		{D9220023-3B37-42F4-8452-813094391EB7}.Release|Any CPU.Build.0 = Release|Any CPU
		{83E8DA2C-D931-4973-BFB6-3D7787F6D438}.Debug|Any CPU.ActiveCfg = Debug|Any CPU
		{83E8DA2C-D931-4973-BFB6-3D7787F6D438}.Debug|Any CPU.Build.0 = Debug|Any CPU
		{83E8DA2C-D931-4973-BFB6-3D7787F6D438}.Release|Any CPU.ActiveCfg = Release|Any CPU
		{83E8DA2C-D931-4973-BFB6-3D7787F6D438}.Release|Any CPU.Build.0 = Release|Any CPU
		{0DEF5366-2FED-435A-9DCC-A12E74901755}.Debug|Any CPU.ActiveCfg = Debug|Any CPU
		{0DEF5366-2FED-435A-9DCC-A12E74901755}.Debug|Any CPU.Build.0 = Debug|Any CPU
		{0DEF5366-2FED-435A-9DCC-A12E74901755}.Release|Any CPU.ActiveCfg = Release|Any CPU
		{0DEF5366-2FED-435A-9DCC-A12E74901755}.Release|Any CPU.Build.0 = Release|Any CPU
	EndGlobalSection
	GlobalSection(SolutionProperties) = preSolution
		HideSolutionNode = FALSE
	EndGlobalSection
	GlobalSection(NestedProjects) = preSolution
		{0880004B-4E0D-4BF1-8C7A-A5D55CAB0962} = {E9CDDD2E-DC8C-4390-A95D-9A2E8652A71F}
		{DF13BB91-7545-4788-B393-D43C25B95BC3} = {C795C0D6-8D41-4D9F-9F3E-F384E26C4ADF}
		{D9220023-3B37-42F4-8452-813094391EB7} = {C795C0D6-8D41-4D9F-9F3E-F384E26C4ADF}
		{0DEF5366-2FED-435A-9DCC-A12E74901755} = {C795C0D6-8D41-4D9F-9F3E-F384E26C4ADF}
	EndGlobalSection
	GlobalSection(ExtensibilityGlobals) = postSolution
		SolutionGuid = {06E6699C-A15D-41BC-AC16-E9A3337F627A}
	EndGlobalSection
EndGlobal
